
Microsoft Visual Studio Solution File, Format Version 12.00
# Visual Studio Version 16
VisualStudioVersion = 16.0.30413.136
MinimumVisualStudioVersion = 10.0.40219.1
Project("{FAE04EC0-301F-11D3-BF4B-00C04F79EFBC}") = "Telegram_Bot", "Telegram_Bot.csproj", "{8FA813FA-F030-4F2C-84EB-1D577E604EBF}"
EndProject
Global
	GlobalSection(SolutionConfigurationPlatforms) = preSolution
		Debug|Any CPU = Debug|Any CPU
		Release|Any CPU = Release|Any CPU
	EndGlobalSection
	GlobalSection(ProjectConfigurationPlatforms) = postSolution
		{8FA813FA-F030-4F2C-84EB-1D577E604EBF}.Debug|Any CPU.ActiveCfg = Debug|Any CPU
		{8FA813FA-F030-4F2C-84EB-1D577E604EBF}.Debug|Any CPU.Build.0 = Debug|Any CPU
		{8FA813FA-F030-4F2C-84EB-1D577E604EBF}.Release|Any CPU.ActiveCfg = Release|Any CPU
		{8FA813FA-F030-4F2C-84EB-1D577E604EBF}.Release|Any CPU.Build.0 = Release|Any CPU
	EndGlobalSection
	GlobalSection(SolutionProperties) = preSolution
		HideSolutionNode = FALSE
	EndGlobalSection
	GlobalSection(ExtensibilityGlobals) = postSolution
		SolutionGuid = {C2A23CD0-7D5B-4C83-A9A2-3D6A6600D8B9}
	EndGlobalSection
EndGlobal
